
Microsoft Visual Studio Solution File, Format Version 12.00
# Visual Studio 14
VisualStudioVersion = 14.0.25420.1
MinimumVisualStudioVersion = 10.0.40219.1
Project("{8BB2217D-0F2D-49D1-97BC-3654ED321F3B}") = "WorldDomination.HttpClient.Helpers", "src\WorldDomination.HttpClient.Helpers\WorldDomination.HttpClient.Helpers.xproj", "{CD12D26B-5B44-4521-A95E-2AE3D5B4A600}"
EndProject
Project("{8BB2217D-0F2D-49D1-97BC-3654ED321F3B}") = "WorldDomination.HttpClient.Helpers.Tests", "tests\WorldDomination.HttpClient.Helpers.Tests\WorldDomination.HttpClient.Helpers.Tests.xproj", "{0E0BADA5-E914-4167-9F1A-4329CBE8FCB0}"
EndProject
Global
	GlobalSection(SolutionConfigurationPlatforms) = preSolution
		Debug|Any CPU = Debug|Any CPU
		Release|Any CPU = Release|Any CPU
	EndGlobalSection
	GlobalSection(ProjectConfigurationPlatforms) = postSolution
		{CD12D26B-5B44-4521-A95E-2AE3D5B4A600}.Debug|Any CPU.ActiveCfg = Debug|Any CPU
		{CD12D26B-5B44-4521-A95E-2AE3D5B4A600}.Debug|Any CPU.Build.0 = Debug|Any CPU
		{CD12D26B-5B44-4521-A95E-2AE3D5B4A600}.Release|Any CPU.ActiveCfg = Release|Any CPU
		{CD12D26B-5B44-4521-A95E-2AE3D5B4A600}.Release|Any CPU.Build.0 = Release|Any CPU
		{0E0BADA5-E914-4167-9F1A-4329CBE8FCB0}.Debug|Any CPU.ActiveCfg = Debug|Any CPU
		{0E0BADA5-E914-4167-9F1A-4329CBE8FCB0}.Debug|Any CPU.Build.0 = Debug|Any CPU
		{0E0BADA5-E914-4167-9F1A-4329CBE8FCB0}.Release|Any CPU.ActiveCfg = Release|Any CPU
		{0E0BADA5-E914-4167-9F1A-4329CBE8FCB0}.Release|Any CPU.Build.0 = Release|Any CPU
	EndGlobalSection
	GlobalSection(SolutionProperties) = preSolution
		HideSolutionNode = FALSE
	EndGlobalSection
EndGlobal
